Microsoft Visual Studio Solution File, Format Version 12.00
# Visual Studio Version 17
VisualStudioVersion = 17.13.35818.85
MinimumVisualStudioVersion = 10.0.40219.1
Project("{FAE04EC0-301F-11D3-BF4B-00C04F79EFBC}") = "App.Repositories", "App.Repositories\App.Repositories.csproj", "{94834D40-36DE-461E-8703-BC4B810428A6}"
EndProject
Project("{FAE04EC0-301F-11D3-BF4B-00C04F79EFBC}") = "App.Services", "App.Services\App.Services.csproj", "{D7443B6C-C072-4175-AC78-336309B57E3E}"
EndProject
Project("{FAE04EC0-301F-11D3-BF4B-00C04F79EFBC}") = "App.API", "App.API\App.API.csproj", "{5AAA208D-FB2B-43BF-AE1D-69FB7FC4B441}"
EndProject
Global
	GlobalSection(SolutionConfigurationPlatforms) = preSolution
		Debug|Any CPU = Debug|Any CPU
		Release|Any CPU = Release|Any CPU
	EndGlobalSection
	GlobalSection(ProjectConfigurationPlatforms) = postSolution
		{94834D40-36DE-461E-8703-BC4B810428A6}.Debug|Any CPU.ActiveCfg = Debug|Any CPU
		{94834D40-36DE-461E-8703-BC4B810428A6}.Debug|Any CPU.Build.0 = Debug|Any CPU
		{94834D40-36DE-461E-8703-BC4B810428A6}.Release|Any CPU.ActiveCfg = Release|Any CPU
		{94834D40-36DE-461E-8703-BC4B810428A6}.Release|Any CPU.Build.0 = Release|Any CPU
		{D7443B6C-C072-4175-AC78-336309B57E3E}.Debug|Any CPU.ActiveCfg = Debug|Any CPU
		{D7443B6C-C072-4175-AC78-336309B57E3E}.Debug|Any CPU.Build.0 = Debug|Any CPU
		{D7443B6C-C072-4175-AC78-336309B57E3E}.Release|Any CPU.ActiveCfg = Release|Any CPU
		{D7443B6C-C072-4175-AC78-336309B57E3E}.Release|Any CPU.Build.0 = Release|Any CPU
		{5AAA208D-FB2B-43BF-AE1D-69FB7FC4B441}.Debug|Any CPU.ActiveCfg = Debug|Any CPU
		{5AAA208D-FB2B-43BF-AE1D-69FB7FC4B441}.Debug|Any CPU.Build.0 = Debug|Any CPU
		{5AAA208D-FB2B-43BF-AE1D-69FB7FC4B441}.Release|Any CPU.ActiveCfg = Release|Any CPU
		{5AAA208D-FB2B-43BF-AE1D-69FB7FC4B441}.Release|Any CPU.Build.0 = Release|Any CPU
	EndGlobalSection
	GlobalSection(SolutionProperties) = preSolution
		HideSolutionNode = FALSE
	EndGlobalSection
	GlobalSection(ExtensibilityGlobals) = postSolution
		SolutionGuid = {B7E31474-C669-48B1-A587-4E566D9D9AF2}
	EndGlobalSection
EndGlobal
